{
  "name": "01-core-js-constructors-1",
  "version": "1.0.0",
  "lockfileVersion": 1,
  "requires": true,
  "dependencies": {
    "fisher-yates": {
      "version": "1.0.3",
      "resolved": "https://registry.npmjs.org/fisher-yates/-/fisher-yates-1.0.3.tgz",
      "integrity": "sha1-+0zp8bhzdgxCCK3+XOCBAPJkQRs="
    }
  }
}
